
Microsoft Visual Studio Solution File, Format Version 12.00
# Visual Studio Version 17
VisualStudioVersion = 17.3.32901.215
MinimumVisualStudioVersion = 10.0.40219.1
Project("{FAE04EC0-301F-11D3-BF4B-00C04F79EFBC}") = "CotacaoMoeda.Servico", "CotacaoMoeda.Servico\CotacaoMoeda.Servico.csproj", "{6AC508CE-5662-46DD-AB48-5A6C1AA4F629}"
EndProject
Project("{FAE04EC0-301F-11D3-BF4B-00C04F79EFBC}") = "CotacaoMoeda.API", "CotacaoMoeda.API\CotacaoMoeda.API.csproj", "{48C2630F-BE7D-4212-BDEF-ADA8716459B9}"
EndProject
Project("{FAE04EC0-301F-11D3-BF4B-00C04F79EFBC}") = "CotacaoMoeda.Infra", "CotacaoMoeda.Infra\CotacaoMoeda.Infra.csproj", "{6EFF01C3-DD58-4132-9F42-32E675BABC5F}"
EndProject
Project("{FAE04EC0-301F-11D3-BF4B-00C04F79EFBC}") = "CotacaoMoeda.Negocio", "CotacaoMoeda.Negocio\CotacaoMoeda.Negocio.csproj", "{31C37E22-AEAC-458E-B0ED-28AF1737B40E}"
EndProject
Project("{FAE04EC0-301F-11D3-BF4B-00C04F79EFBC}") = "CotacaoMoeda.Modelo", "CotacaoMoeda.Models\CotacaoMoeda.Modelo.csproj", "{B19DD389-F953-427B-A242-06BF72CEF0B7}"
EndProject
Global
	GlobalSection(SolutionConfigurationPlatforms) = preSolution
		Debug|Any CPU = Debug|Any CPU
		Release|Any CPU = Release|Any CPU
	EndGlobalSection
	GlobalSection(ProjectConfigurationPlatforms) = postSolution
		{6AC508CE-5662-46DD-AB48-5A6C1AA4F629}.Debug|Any CPU.ActiveCfg = Debug|Any CPU
		{6AC508CE-5662-46DD-AB48-5A6C1AA4F629}.Debug|Any CPU.Build.0 = Debug|Any CPU
		{6AC508CE-5662-46DD-AB48-5A6C1AA4F629}.Release|Any CPU.ActiveCfg = Release|Any CPU
		{6AC508CE-5662-46DD-AB48-5A6C1AA4F629}.Release|Any CPU.Build.0 = Release|Any CPU
		{48C2630F-BE7D-4212-BDEF-ADA8716459B9}.Debug|Any CPU.ActiveCfg = Debug|Any CPU
		{48C2630F-BE7D-4212-BDEF-ADA8716459B9}.Debug|Any CPU.Build.0 = Debug|Any CPU
		{48C2630F-BE7D-4212-BDEF-ADA8716459B9}.Release|Any CPU.ActiveCfg = Release|Any CPU
		{48C2630F-BE7D-4212-BDEF-ADA8716459B9}.Release|Any CPU.Build.0 = Release|Any CPU
		{6EFF01C3-DD58-4132-9F42-32E675BABC5F}.Debug|Any CPU.ActiveCfg = Debug|Any CPU
		{6EFF01C3-DD58-4132-9F42-32E675BABC5F}.Debug|Any CPU.Build.0 = Debug|Any CPU
		{6EFF01C3-DD58-4132-9F42-32E675BABC5F}.Release|Any CPU.ActiveCfg = Release|Any CPU
		{6EFF01C3-DD58-4132-9F42-32E675BABC5F}.Release|Any CPU.Build.0 = Release|Any CPU
		{31C37E22-AEAC-458E-B0ED-28AF1737B40E}.Debug|Any CPU.ActiveCfg = Debug|Any CPU
		{31C37E22-AEAC-458E-B0ED-28AF1737B40E}.Debug|Any CPU.Build.0 = Debug|Any CPU
		{31C37E22-AEAC-458E-B0ED-28AF1737B40E}.Release|Any CPU.ActiveCfg = Release|Any CPU
		{31C37E22-AEAC-458E-B0ED-28AF1737B40E}.Release|Any CPU.Build.0 = Release|Any CPU
		{B19DD389-F953-427B-A242-06BF72CEF0B7}.Debug|Any CPU.ActiveCfg = Debug|Any CPU
		{B19DD389-F953-427B-A242-06BF72CEF0B7}.Debug|Any CPU.Build.0 = Debug|Any CPU
		{B19DD389-F953-427B-A242-06BF72CEF0B7}.Release|Any CPU.ActiveCfg = Release|Any CPU
		{B19DD389-F953-427B-A242-06BF72CEF0B7}.Release|Any CPU.Build.0 = Release|Any CPU
	EndGlobalSection
	GlobalSection(SolutionProperties) = preSolution
		HideSolutionNode = FALSE
	EndGlobalSection
	GlobalSection(ExtensibilityGlobals) = postSolution
		SolutionGuid = {7DF811CA-06BA-4CAD-B923-D0D11F4E2E42}
	EndGlobalSection
EndGlobal
